
Microsoft Visual Studio Solution File, Format Version 12.00
# Visual Studio Version 17
VisualStudioVersion = 17.7.34221.43
MinimumVisualStudioVersion = 10.0.40219.1
Project("{9A19103F-16F7-4668-BE54-9A1E7A4F7556}") = "NetTrading", "NetTrading\NetTrading.csproj", "{6987362A-2BEB-4D32-BB45-E29291FB9289}"
EndProject
Project("{FAE04EC0-301F-11D3-BF4B-00C04F79EFBC}") = "PyWrapper", "PyWrapper\PyWrapper.csproj", "{00AB9EFB-600F-4E45-8C0C-2A9CB97B837C}"
EndProject
Global
	GlobalSection(SolutionConfigurationPlatforms) = preSolution
		Debug|Any CPU = Debug|Any CPU
		Release|Any CPU = Release|Any CPU
	EndGlobalSection
	GlobalSection(ProjectConfigurationPlatforms) = postSolution
		{6987362A-2BEB-4D32-BB45-E29291FB9289}.Debug|Any CPU.ActiveCfg = Debug|Any CPU
		{6987362A-2BEB-4D32-BB45-E29291FB9289}.Debug|Any CPU.Build.0 = Debug|Any CPU
		{6987362A-2BEB-4D32-BB45-E29291FB9289}.Release|Any CPU.ActiveCfg = Release|Any CPU
		{6987362A-2BEB-4D32-BB45-E29291FB9289}.Release|Any CPU.Build.0 = Release|Any CPU
		{00AB9EFB-600F-4E45-8C0C-2A9CB97B837C}.Debug|Any CPU.ActiveCfg = Debug|Any CPU
		{00AB9EFB-600F-4E45-8C0C-2A9CB97B837C}.Debug|Any CPU.Build.0 = Debug|Any CPU
		{00AB9EFB-600F-4E45-8C0C-2A9CB97B837C}.Release|Any CPU.ActiveCfg = Release|Any CPU
		{00AB9EFB-600F-4E45-8C0C-2A9CB97B837C}.Release|Any CPU.Build.0 = Release|Any CPU
	EndGlobalSection
	GlobalSection(SolutionProperties) = preSolution
		HideSolutionNode = FALSE
	EndGlobalSection
	GlobalSection(ExtensibilityGlobals) = postSolution
		SolutionGuid = {A6F808FF-6992-443E-90A5-5718604E508E}
	EndGlobalSection
EndGlobal
